
Microsoft Visual Studio Solution File, Format Version 12.00
# Visual Studio 14
VisualStudioVersion = 14.0.25420.1
MinimumVisualStudioVersion = 10.0.40219.1
Project("{FAE04EC0-301F-11D3-BF4B-00C04F79EFBC}") = "Viikkoteht1", "Viikkoteht1\Viikkoteht1.csproj", "{2D039098-6368-47A3-8270-E7BD0B66936D}"
EndProject
Global
	GlobalSection(SolutionConfigurationPlatforms) = preSolution
		Debug|Any CPU = Debug|Any CPU
		Release|Any CPU = Release|Any CPU
	EndGlobalSection
	GlobalSection(ProjectConfigurationPlatforms) = postSolution
		{2D039098-6368-47A3-8270-E7BD0B66936D}.Debug|Any CPU.ActiveCfg = Debug|Any CPU
		{2D039098-6368-47A3-8270-E7BD0B66936D}.Debug|Any CPU.Build.0 = Debug|Any CPU
		{2D039098-6368-47A3-8270-E7BD0B66936D}.Release|Any CPU.ActiveCfg = Release|Any CPU
		{2D039098-6368-47A3-8270-E7BD0B66936D}.Release|Any CPU.Build.0 = Release|Any CPU
	EndGlobalSection
	GlobalSection(SolutionProperties) = preSolution
		HideSolutionNode = FALSE
	EndGlobalSection
EndGlobal
